// !$*UTF8*$!
{
	archiveVersion = 1;
	classes = {
	};
	objectVersion = 48;
	objects = {

/* Begin PBXBuildFile section */
		A808EABD0B60A55C88537E68 /* Pods_Elite_Premier_League.framework in Frameworks */ = {isa = PBXBuildFile; fileRef = B3DBF8256119198DB3576979 /* Pods_Elite_Premier_League.framework */; };
		C941CD70201E13100046A974 /* AppDelegate.swift in Sources */ = {isa = PBXBuildFile; fileRef = C941CD6F201E13100046A974 /* AppDelegate.swift */; };
		C941CD72201E13100046A974 /* ViewController.swift in Sources */ = {isa = PBXBuildFile; fileRef = C941CD71201E13100046A974 /* ViewController.swift */; };
		C941CD75201E13100046A974 /* Main.storyboard in Resources */ = {isa = PBXBuildFile; fileRef = C941CD73201E13100046A974 /* Main.storyboard */; };
		C941CD77201E13100046A974 /* Assets.xcassets in Resources */ = {isa = PBXBuildFile; fileRef = C941CD76201E13100046A974 /* Assets.xcassets */; };
		C941CD7A201E13100046A974 /* LaunchScreen.storyboard in Resources */ = {isa = PBXBuildFile; fileRef = C941CD78201E13100046A974 /* LaunchScreen.storyboard */; };
		C941CD85201E32B80046A974 /* ImageRecognitionViewController.swift in Sources */ = {isa = PBXBuildFile; fileRef = C941CD84201E32B80046A974 /* ImageRecognitionViewController.swift */; };
		C941CD87201E33FD0046A974 /* Player.swift in Sources */ = {isa = PBXBuildFile; fileRef = C941CD86201E33FD0046A974 /* Player.swift */; };
		C941CD8B201E4C320046A974 /* Team.swift in Sources */ = {isa = PBXBuildFile; fileRef = C941CD8A201E4C320046A974 /* Team.swift */; };
		C941CD8D201E62700046A974 /* crestIdenifer3.mlmodel in Sources */ = {isa = PBXBuildFile; fileRef = C941CD8C201E62700046A974 /* crestIdenifer3.mlmodel */; };
/* End PBXBuildFile section */

/* Begin PBXFileReference section */
		417204426604B89AD19658CD /* Pods-Elite Premier League.release.xcconfig */ = {isa = PBXFileReference; includeInIndex = 1; lastKnownFileType = text.xcconfig; name = "Pods-Elite Premier League.release.xcconfig"; path = "Pods/Target Support Files/Pods-Elite Premier League/Pods-Elite Premier League.release.xcconfig"; sourceTree = "<group>"; };
		B3DBF8256119198DB3576979 /* Pods_Elite_Premier_League.framework */ = {isa = PBXFileReference; explicitFileType = wrapper.framework; includeInIndex = 0; path = Pods_Elite_Premier_League.framework; sourceTree = BUILT_PRODUCTS_DIR; };
		C941CD6C201E13100046A974 /* Elite Premier League.app */ = {isa = PBXFileReference; explicitFileType = wrapper.application; includeInIndex = 0; path = "Elite Premier League.app"; sourceTree = BUILT_PRODUCTS_DIR; };
		C941CD6F201E13100046A974 /* AppDelegate.swift */ = {isa = PBXFileReference; lastKnownFileType = sourcecode.swift; path = AppDelegate.swift; sourceTree = "<group>"; };
		C941CD71201E13100046A974 /* ViewController.swift */ = {isa = PBXFileReference; lastKnownFileType = sourcecode.swift; path = ViewController.swift; sourceTree = "<group>"; };
		C941CD74201E13100046A974 /* Base */ = {isa = PBXFileReference; lastKnownFileType = file.storyboard; name = Base; path = Base.lproj/Main.storyboard; sourceTree = "<group>"; };
		C941CD76201E13100046A974 /* Assets.xcassets */ = {isa = PBXFileReference; lastKnownFileType = folder.assetcatalog; path = Assets.xcassets; sourceTree = "<group>"; };
		C941CD79201E13100046A974 /* Base */ = {isa = PBXFileReference; lastKnownFileType = file.storyboard; name = Base; path = Base.lproj/LaunchScreen.storyboard; sourceTree = "<group>"; };
		C941CD7B201E13100046A974 /* Info.plist */ = {isa = PBXFileReference; lastKnownFileType = text.plist.xml; path = Info.plist; sourceTree = "<group>"; };
		C941CD83201E2FC30046A974 /* Barclays Premier League.ttf */ = {isa = PBXFileReference; lastKnownFileType = file; path = "Barclays Premier League.ttf"; sourceTree = "<group>"; };
		C941CD84201E32B80046A974 /* ImageRecognitionViewController.swift */ = {isa = PBXFileReference; lastKnownFileType = sourcecode.swift; path = ImageRecognitionViewController.swift; sourceTree = "<group>"; };
		C941CD86201E33FD0046A974 /* Player.swift */ = {isa = PBXFileReference; lastKnownFileType = sourcecode.swift; path = Player.swift; sourceTree = "<group>"; };
		C941CD8A201E4C320046A974 /* Team.swift */ = {isa = PBXFileReference; lastKnownFileType = sourcecode.swift; path = Team.swift; sourceTree = "<group>"; };
		C941CD8C201E62700046A974 /* crestIdenifer3.mlmodel */ = {isa = PBXFileReference; lastKnownFileType = file.mlmodel; path = crestIdenifer3.mlmodel; sourceTree = "<group>"; };
		F381E7331962B634EF88F3FA /* Pods-Elite Premier League.debug.xcconfig */ = {isa = PBXFileReference; includeInIndex = 1; lastKnownFileType = text.xcconfig; name = "Pods-Elite Premier League.debug.xcconfig"; path = "Pods/Target Support Files/Pods-Elite Premier League/Pods-Elite Premier League.debug.xcconfig"; sourceTree = "<group>"; };
/* End PBXFileReference section */

/* Begin PBXFrameworksBuildPhase section */
		C941CD69201E13100046A974 /* Frameworks */ = {
			isa = PBXFrameworksBuildPhase;
			buildActionMask = 2147483647;
			files = (
				A808EABD0B60A55C88537E68 /* Pods_Elite_Premier_League.framework in Frameworks */,
			);
			runOnlyForDeploymentPostprocessing = 0;
		};
/* End PBXFrameworksBuildPhase section */

/* Begin PBXGroup section */
		253D8D03373745B642517400 /* Pods */ = {
			isa = PBXGroup;
			children = (
				F381E7331962B634EF88F3FA /* Pods-Elite Premier League.debug.xcconfig */,
				417204426604B89AD19658CD /* Pods-Elite Premier League.release.xcconfig */,
			);
			name = Pods;
			sourceTree = "<group>";
		};
		C941CD63201E13100046A974 = {
			isa = PBXGroup;
			children = (
				C941CD6E201E13100046A974 /* Elite Premier League */,
				C941CD6D201E13100046A974 /* Products */,
				253D8D03373745B642517400 /* Pods */,
				F490697B8605FAC85BA4F0AF /* Frameworks */,
			);
			sourceTree = "<group>";
		};
		C941CD6D201E13100046A974 /* Products */ = {
			isa = PBXGroup;
			children = (
				C941CD6C201E13100046A974 /* Elite Premier League.app */,
			);
			name = Products;
			sourceTree = "<group>";
		};
		C941CD6E201E13100046A974 /* Elite Premier League */ = {
			isa = PBXGroup;
			children = (
				C941CD8C201E62700046A974 /* crestIdenifer3.mlmodel */,
				C941CD6F201E13100046A974 /* AppDelegate.swift */,
				C941CD71201E13100046A974 /* ViewController.swift */,
				C941CD84201E32B80046A974 /* ImageRecognitionViewController.swift */,
				C941CD83201E2FC30046A974 /* Barclays Premier League.ttf */,
				C941CD73201E13100046A974 /* Main.storyboard */,
				C941CD76201E13100046A974 /* Assets.xcassets */,
				C941CD78201E13100046A974 /* LaunchScreen.storyboard */,
				C941CD7B201E13100046A974 /* Info.plist */,
				C941CD8A201E4C320046A974 /* Team.swift */,
				C941CD86201E33FD0046A974 /* Player.swift */,
			);
			path = "Elite Premier League";
			sourceTree = "<group>";
		};
		F490697B8605FAC85BA4F0AF /* Frameworks */ = {
			isa = PBXGroup;
			children = (
				B3DBF8256119198DB3576979 /* Pods_Elite_Premier_League.framework */,
			);
			name = Frameworks;
			sourceTree = "<group>";
		};
/* End PBXGroup section */

/* Begin PBXNativeTarget section */
		C941CD6B201E13100046A974 /* Elite Premier League */ = {
			isa = PBXNativeTarget;
			buildConfigurationList = C941CD7E201E13100046A974 /* Build configuration list for PBXNativeTarget "Elite Premier League" */;
			buildPhases = (
				D91BF03F3239F91FE24AFF21 /* [CP] Check Pods Manifest.lock */,
				C941CD68201E13100046A974 /* Sources */,
				C941CD69201E13100046A974 /* Frameworks */,
				C941CD6A201E13100046A974 /* Resources */,
				5E62A2BDE064D967EBA7EC5F /* [CP] Embed Pods Frameworks */,
				404E450A8389EF922EB5342D /* [CP] Copy Pods Resources */,
			);
			buildRules = (
			);
			dependencies = (
			);
			name = "Elite Premier League";
			productName = "Elite Premier League";
			productReference = C941CD6C201E13100046A974 /* Elite Premier League.app */;
			productType = "com.apple.product-type.application";
		};
/* End PBXNativeTarget section */

/* Begin PBXProject section */
		C941CD64201E13100046A974 /* Project object */ = {
			isa = PBXProject;
			attributes = {
				LastSwiftUpdateCheck = 0920;
				LastUpgradeCheck = 0920;
				ORGANIZATIONNAME = "JOHN KENNY";
				TargetAttributes = {
					C941CD6B201E13100046A974 = {
						CreatedOnToolsVersion = 9.2;
						ProvisioningStyle = Automatic;
					};
				};
			};
			buildConfigurationList = C941CD67201E13100046A974 /* Build configuration list for PBXProject "Elite Premier League" */;
			compatibilityVersion = "Xcode 8.0";
			developmentRegion = en;
			hasScannedForEncodings = 0;
			knownRegions = (
				en,
				Base,
			);
			mainGroup = C941CD63201E13100046A974;
			productRefGroup = C941CD6D201E13100046A974 /* Products */;
			projectDirPath = "";
			projectRoot = "";
			targets = (
				C941CD6B201E13100046A974 /* Elite Premier League */,
			);
		};
/* End PBXProject section */

/* Begin PBXResourcesBuildPhase section */
		C941CD6A201E13100046A974 /* Resources */ = {
			isa = PBXResourcesBuildPhase;
			buildActionMask = 2147483647;
			files = (
				C941CD7A201E13100046A974 /* LaunchScreen.storyboard in Resources */,
				C941CD77201E13100046A974 /* Assets.xcassets in Resources */,
				C941CD75201E13100046A974 /* Main.storyboard in Resources */,
			);
			runOnlyForDeploymentPostprocessing = 0;
		};
/* End PBXResourcesBuildPhase section */

/* Begin PBXShellScriptBuildPhase section */
		404E450A8389EF922EB5342D /* [CP] Copy Pods Resources */ = {
			isa = PBXShellScriptBuildPhase;
			buildActionMask = 2147483647;
			files = (
			);
			inputPaths = (
			);
			name = "[CP] Copy Pods Resources";
			outputPaths = (
			);
			runOnlyForDeploymentPostprocessing = 0;
			shellPath = /bin/sh;
			shellScript = "\"${SRCROOT}/Pods/Target Support Files/Pods-Elite Premier League/Pods-Elite Premier League-resources.sh\"\n";
			showEnvVarsInLog = 0;
		};
		5E62A2BDE064D967EBA7EC5F /* [CP] Embed Pods Frameworks */ = {
			isa = PBXShellScriptBuildPhase;
			buildActionMask = 2147483647;
			files = (
			);
			inputPaths = (
				"${SRCROOT}/Pods/Target Support Files/Pods-Elite Premier League/Pods-Elite Premier League-frameworks.sh",
				"${BUILT_PRODUCTS_DIR}/Alamofire/Alamofire.framework",
			);
			name = "[CP] Embed Pods Frameworks";
			outputPaths = (
				"${TARGET_BUILD_DIR}/${FRAMEWORKS_FOLDER_PATH}/Alamofire.framework",
			);
			runOnlyForDeploymentPostprocessing = 0;
			shellPath = /bin/sh;
			shellScript = "\"${SRCROOT}/Pods/Target Support Files/Pods-Elite Premier League/Pods-Elite Premier League-frameworks.sh\"\n";
			showEnvVarsInLog = 0;
		};
		D91BF03F3239F91FE24AFF21 /* [CP] Check Pods Manifest.lock */ = {
			isa = PBXShellScriptBuildPhase;
			buildActionMask = 2147483647;
			files = (
			);
			inputPaths = (
				"${PODS_PODFILE_DIR_PATH}/Podfile.lock",
				"${PODS_ROOT}/Manifest.lock",
			);
			name = "[CP] Check Pods Manifest.lock";
			outputPaths = (
				"$(DERIVED_FILE_DIR)/Pods-Elite Premier League-checkManifestLockResult.txt",
			);
			runOnlyForDeploymentPostprocessing = 0;
			shellPath = /bin/sh;
			shellScript = "diff \"${PODS_PODFILE_DIR_PATH}/Podfile.lock\" \"${PODS_ROOT}/Manifest.lock\" > /dev/null\nif [ $? != 0 ] ; then\n    # print error to STDERR\n    echo \"error: The sandbox is not in sync with the Podfile.lock. Run 'pod install' or update your CocoaPods installation.\" >&2\n    exit 1\nfi\n# This output is used by Xcode 'outputs' to avoid re-running this script phase.\necho \"SUCCESS\" > \"${SCRIPT_OUTPUT_FILE_0}\"\n";
			showEnvVarsInLog = 0;
		};
/* End PBXShellScriptBuildPhase section */

/* Begin PBXSourcesBuildPhase section */
		C941CD68201E13100046A974 /* Sources */ = {
			isa = PBXSourcesBuildPhase;
			buildActionMask = 2147483647;
			files = (
				C941CD87201E33FD0046A974 /* Player.swift in Sources */,
				C941CD72201E13100046A974 /* ViewController.swift in Sources */,
				C941CD8D201E62700046A974 /* crestIdenifer3.mlmodel in Sources */,
				C941CD85201E32B80046A974 /* ImageRecognitionViewController.swift in Sources */,
				C941CD8B201E4C320046A974 /* Team.swift in Sources */,
				C941CD70201E13100046A974 /* AppDelegate.swift in Sources */,
			);
			runOnlyForDeploymentPostprocessing = 0;
		};
/* End PBXSourcesBuildPhase section */

/* Begin PBXVariantGroup section */
		C941CD73201E13100046A974 /* Main.storyboard */ = {
			isa = PBXVariantGroup;
			children = (
				C941CD74201E13100046A974 /* Base */,
			);
			name = Main.storyboard;
			sourceTree = "<group>";
		};
		C941CD78201E13100046A974 /* LaunchScreen.storyboard */ = {
			isa = PBXVariantGroup;
			children = (
				C941CD79201E13100046A974 /* Base */,
			);
			name = LaunchScreen.storyboard;
			sourceTree = "<group>";
		};
/* End PBXVariantGroup section */

/* Begin XCBuildConfiguration section */
		C941CD7C201E13100046A974 /* Debug */ = {
			isa = XCBuildConfiguration;
			buildSettings = {
				ALWAYS_SEARCH_USER_PATHS = NO;
				CLANG_ANALYZER_NONNULL = YES;
				CLANG_ANALYZER_NUMBER_OBJECT_CONVERSION = YES_AGGRESSIVE;
				CLANG_CXX_LANGUAGE_STANDARD = "gnu++14";
				CLANG_CXX_LIBRARY = "libc++";
				CLANG_ENABLE_MODULES = YES;
				CLANG_ENABLE_OBJC_ARC = YES;
				CLANG_WARN_BLOCK_CAPTURE_AUTORELEASING = YES;
				CLANG_WARN_BOOL_CONVERSION = YES;
				CLANG_WARN_COMMA = YES;
				CLANG_WARN_CONSTANT_CONVERSION = YES;
				CLANG_WARN_DIRECT_OBJC_ISA_USAGE = YES_ERROR;
				CLANG_WARN_DOCUMENTATION_COMMENTS = YES;
				CLANG_WARN_EMPTY_BODY = YES;
				CLANG_WARN_ENUM_CONVERSION = YES;
				CLANG_WARN_INFINITE_RECURSION = YES;
				CLANG_WARN_INT_CONVERSION = YES;
				CLANG_WARN_NON_LITERAL_NULL_CONVERSION = YES;
				CLANG_WARN_OBJC_LITERAL_CONVERSION = YES;
				CLANG_WARN_OBJC_ROOT_CLASS = YES_ERROR;
				CLANG_WARN_RANGE_LOOP_ANALYSIS = YES;
				CLANG_WARN_STRICT_PROTOTYPES = YES;
				CLANG_WARN_SUSPICIOUS_MOVE = YES;
				CLANG_WARN_UNGUARDED_AVAILABILITY = YES_AGGRESSIVE;
				CLANG_WARN_UNREACHABLE_CODE = YES;
				CLANG_WARN__DUPLICATE_METHOD_MATCH = YES;
				CODE_SIGN_IDENTITY = "iPhone Developer";
				COPY_PHASE_STRIP = NO;
				DEBUG_INFORMATION_FORMAT = dwarf;
				ENABLE_STRICT_OBJC_MSGSEND = YES;
				ENABLE_TESTABILITY = YES;
				GCC_C_LANGUAGE_STANDARD = gnu11;
				GCC_DYNAMIC_NO_PIC = NO;
				GCC_NO_COMMON_BLOCKS = YES;
				GCC_OPTIMIZATION_LEVEL = 0;
				GCC_PREPROCESSOR_DEFINITIONS = (
					"DEBUG=1",
					"$(inherited)",
				);
				GCC_WARN_64_TO_32_BIT_CONVERSION = YES;
				GCC_WARN_ABOUT_RETURN_TYPE = YES_ERROR;
				GCC_WARN_UNDECLARED_SELECTOR = YES;
				GCC_WARN_UNINITIALIZED_AUTOS = YES_AGGRESSIVE;
				GCC_WARN_UNUSED_FUNCTION = YES;
				GCC_WARN_UNUSED_VARIABLE = YES;
				IPHONEOS_DEPLOYMENT_TARGET = 11.2;
				MTL_ENABLE_DEBUG_INFO = YES;
				ONLY_ACTIVE_ARCH = YES;
				SDKROOT = iphoneos;
				SWIFT_ACTIVE_COMPILATION_CONDITIONS = DEBUG;
				SWIFT_OPTIMIZATION_LEVEL = "-Onone";
			};
			name = Debug;
		};
		C941CD7D201E13100046A974 /* Release */ = {
			isa = XCBuildConfiguration;
			buildSettings = {
				ALWAYS_SEARCH_USER_PATHS = NO;
				CLANG_ANALYZER_NONNULL = YES;
				CLANG_ANALYZER_NUMBER_OBJECT_CONVERSION = YES_AGGRESSIVE;
				CLANG_CXX_LANGUAGE_STANDARD = "gnu++14";
				CLANG_CXX_LIBRARY = "libc++";
				CLANG_ENABLE_MODULES = YES;
				CLANG_ENABLE_OBJC_ARC = YES;
				CLANG_WARN_BLOCK_CAPTURE_AUTORELEASING = YES;
				CLANG_WARN_BOOL_CONVERSION = YES;
				CLANG_WARN_COMMA = YES;
				CLANG_WARN_CONSTANT_CONVERSION = YES;
				CLANG_WARN_DIRECT_OBJC_ISA_USAGE = YES_ERROR;
				CLANG_WARN_DOCUMENTATION_COMMENTS = YES;
				CLANG_WARN_EMPTY_BODY = YES;
				CLANG_WARN_ENUM_CONVERSION = YES;
				CLANG_WARN_INFINITE_RECURSION = YES;
				CLANG_WARN_INT_CONVERSION = YES;
				CLANG_WARN_NON_LITERAL_NULL_CONVERSION = YES;
				CLANG_WARN_OBJC_LITERAL_CONVERSION = YES;
				CLANG_WARN_OBJC_ROOT_CLASS = YES_ERROR;
				CLANG_WARN_RANGE_LOOP_ANALYSIS = YES;
				CLANG_WARN_STRICT_PROTOTYPES = YES;
				CLANG_WARN_SUSPICIOUS_MOVE = YES;
				CLANG_WARN_UNGUARDED_AVAILABILITY = YES_AGGRESSIVE;
				CLANG_WARN_UNREACHABLE_CODE = YES;
				CLANG_WARN__DUPLICATE_METHOD_MATCH = YES;
				CODE_SIGN_IDENTITY = "iPhone Developer";
				COPY_PHASE_STRIP = NO;
				DEBUG_INFORMATION_FORMAT = "dwarf-with-dsym";
				ENABLE_NS_ASSERTIONS = NO;
				ENABLE_STRICT_OBJC_MSGSEND = YES;
				GCC_C_LANGUAGE_STANDARD = gnu11;
				GCC_NO_COMMON_BLOCKS = YES;
				GCC_WARN_64_TO_32_BIT_CONVERSION = YES;
				GCC_WARN_ABOUT_RETURN_TYPE = YES_ERROR;
				GCC_WARN_UNDECLARED_SELECTOR = YES;
				GCC_WARN_UNINITIALIZED_AUTOS = YES_AGGRESSIVE;
				GCC_WARN_UNUSED_FUNCTION = YES;
				GCC_WARN_UNUSED_VARIABLE = YES;
				IPHONEOS_DEPLOYMENT_TARGET = 11.2;
				MTL_ENABLE_DEBUG_INFO = NO;
				SDKROOT = iphoneos;
				SWIFT_OPTIMIZATION_LEVEL = "-Owholemodule";
				VALIDATE_PRODUCT = YES;
			};
			name = Release;
		};
		C941CD7F201E13100046A974 /* Debug */ = {
			isa = XCBuildConfiguration;
			baseConfigurationReference = F381E7331962B634EF88F3FA /* Pods-Elite Premier League.debug.xcconfig */;
			buildSettings = {
				ASSETCATALOG_COMPILER_APPICON_NAME = AppIcon;
				CODE_SIGN_STYLE = Automatic;
				DEVELOPMENT_TEAM = PKS83643LM;
				INFOPLIST_FILE = "Elite Premier League/Info.plist";
				LD_RUNPATH_SEARCH_PATHS = "$(inherited) @executable_path/Frameworks";
				PRODUCT_BUNDLE_IDENTIFIER = "com.seanjohn85.Elite-Premier-League";
				PRODUCT_NAME = "$(TARGET_NAME)";
				SWIFT_VERSION = 4.0;
				TARGETED_DEVICE_FAMILY = "1,2";
			};
			name = Debug;
		};
		C941CD80201E13100046A974 /* Release */ = {
			isa = XCBuildConfiguration;
			baseConfigurationReference = 417204426604B89AD19658CD /* Pods-Elite Premier League.release.xcconfig */;
			buildSettings = {
				ASSETCATALOG_COMPILER_APPICON_NAME = AppIcon;
				CODE_SIGN_STYLE = Automatic;
				DEVELOPMENT_TEAM = PKS83643LM;
				INFOPLIST_FILE = "Elite Premier League/Info.plist";
				LD_RUNPATH_SEARCH_PATHS = "$(inherited) @executable_path/Frameworks";
				PRODUCT_BUNDLE_IDENTIFIER = "com.seanjohn85.Elite-Premier-League";
				PRODUCT_NAME = "$(TARGET_NAME)";
				SWIFT_VERSION = 4.0;
				TARGETED_DEVICE_FAMILY = "1,2";
			};
			name = Release;
		};
/* End XCBuildConfiguration section */

/* Begin XCConfigurationList section */
		C941CD67201E13100046A974 /* Build configuration list for PBXProject "Elite Premier League" */ = {
			isa = XCConfigurationList;
			buildConfigurations = (
				C941CD7C201E13100046A974 /* Debug */,
				C941CD7D201E13100046A974 /* Release */,
			);
			defaultConfigurationIsVisible = 0;
			defaultConfigurationName = Release;
		};
		C941CD7E201E13100046A974 /* Build configuration list for PBXNativeTarget "Elite Premier League" */ = {
			isa = XCConfigurationList;
			buildConfigurations = (
				C941CD7F201E13100046A974 /* Debug */,
				C941CD80201E13100046A974 /* Release */,
			);
			defaultConfigurationIsVisible = 0;
			defaultConfigurationName = Release;
		};
/* End XCConfigurationList section */
	};
	rootObject = C941CD64201E13100046A974 /* Project object */;
}
